// !$*UTF8*$!
{
	archiveVersion = 1;
	classes = {
	};
	objectVersion = 77;
	objects = {

/* Begin PBXBuildFile section */
		ED1B0DB22D92E060003623E2 /* SDWebImageSwiftUI in Frameworks */ = {isa = PBXBuildFile; productRef = ED1B0DB12D92E060003623E2 /* SDWebImageSwiftUI */; };
		ED1B0DB52D92E610003623E2 /* FirebaseAuth in Frameworks */ = {isa = PBXBuildFile; productRef = ED1B0DB42D92E610003623E2 /* FirebaseAuth */; };
		ED1B0DB72D92E610003623E2 /* FirebaseFirestore in Frameworks */ = {isa = PBXBuildFile; productRef = ED1B0DB62D92E610003623E2 /* FirebaseFirestore */; };
		ED1B0DB92D92E610003623E2 /* FirebaseStorage in Frameworks */ = {isa = PBXBuildFile; productRef = ED1B0DB82D92E610003623E2 /* FirebaseStorage */; };
/* End PBXBuildFile section */

/* Begin PBXContainerItemProxy section */
		ED55C6F22D899B4100ADE737 /* PBXContainerItemProxy */ = {
			isa = PBXContainerItemProxy;
			containerPortal = ED3CBDCF2D884B5A0083882F /* Project object */;
			proxyType = 1;
			remoteGlobalIDString = ED3CBDD62D884B5A0083882F;
			remoteInfo = Instap;
		};
/* End PBXContainerItemProxy section */

/* Begin PBXFileReference section */
		ED3CBDD72D884B5A0083882F /* Instap.app */ = {isa = PBXFileReference; explicitFileType = wrapper.application; includeInIndex = 0; path = Instap.app; sourceTree = BUILT_PRODUCTS_DIR; };
		ED55C6EE2D899B4100ADE737 /* InstapUnitTests.xctest */ = {isa = PBXFileReference; explicitFileType = wrapper.cfbundle; includeInIndex = 0; path = InstapUnitTests.xctest; sourceTree = BUILT_PRODUCTS_DIR; };
/* End PBXFileReference section */

/* Begin PBXFileSystemSynchronizedBuildFileExceptionSet section */
		ED55C6E42D89968100ADE737 /* Exceptions for "Instap" folder in "Instap" target */ = {
			isa = PBXFileSystemSynchronizedBuildFileExceptionSet;
			membershipExceptions = (
				"GoogleService-Info.plist",
				Models/AppDelegate.swift,
				Models/InstapApp.swift,
				Models/UserModel.swift,
				"Preview Content/Assets.xcassets",
				"Preview Content/Preview Assets.xcassets",
				Services/AuthManager.swift,
				Services/DatabaseManager.swift,
				Services/FirebaseStorageManager.swift,
				Services/StorageManager.swift,
				Services/UserDefaults.swift,
				ViewModels/AuthViewModel.swift,
				ViewModels/PostViewModel.swift,
				Views/ContentView.swift,
				Views/NewsFeedView.swift,
				Views/PostUploadView.swift,
				Views/ProfileView.swift,
				Views/SuccessRegistrationView.swift,
				Views/SwiftUiView.swift,
			);
			target = ED3CBDD62D884B5A0083882F /* Instap */;
		};
		ED55C6FB2D89A6A700ADE737 /* Exceptions for "Instap" folder in "InstapUnitTests" target */ = {
			isa = PBXFileSystemSynchronizedBuildFileExceptionSet;
			membershipExceptions = (
				Tests/InstapUnitTests.swift,
			);
			target = ED55C6ED2D899B4100ADE737 /* InstapUnitTests */;
		};
/* End PBXFileSystemSynchronizedBuildFileExceptionSet section */

/* Begin PBXFileSystemSynchronizedRootGroup section */
		ED55C6DB2D89968100ADE737 /* Instap */ = {
			isa = PBXFileSystemSynchronizedRootGroup;
			exceptions = (
				ED55C6E42D89968100ADE737 /* Exceptions for "Instap" folder in "Instap" target */,
				ED55C6FB2D89A6A700ADE737 /* Exceptions for "Instap" folder in "InstapUnitTests" target */,
			);
			path = Instap;
			sourceTree = "<group>";
		};
/* End PBXFileSystemSynchronizedRootGroup section */

/* Begin PBXFrameworksBuildPhase section */
		ED3CBDD42D884B5A0083882F /* Frameworks */ = {
			isa = PBXFrameworksBuildPhase;
			buildActionMask = 2147483647;
			files = (
				ED1B0DB22D92E060003623E2 /* SDWebImageSwiftUI in Frameworks */,
				ED1B0DB92D92E610003623E2 /* FirebaseStorage in Frameworks */,
				ED1B0DB52D92E610003623E2 /* FirebaseAuth in Frameworks */,
				ED1B0DB72D92E610003623E2 /* FirebaseFirestore in Frameworks */,
			);
			runOnlyForDeploymentPostprocessing = 0;
		};
		ED55C6EB2D899B4100ADE737 /* Frameworks */ = {
			isa = PBXFrameworksBuildPhase;
			buildActionMask = 2147483647;
			files = (
			);
			runOnlyForDeploymentPostprocessing = 0;
		};
/* End PBXFrameworksBuildPhase section */

/* Begin PBXGroup section */
		ED3CBDCE2D884B5A0083882F = {
			isa = PBXGroup;
			children = (
				ED55C6DB2D89968100ADE737 /* Instap */,
				ED3CBDD82D884B5A0083882F /* Products */,
			);
			sourceTree = "<group>";
		};
		ED3CBDD82D884B5A0083882F /* Products */ = {
			isa = PBXGroup;
			children = (
				ED3CBDD72D884B5A0083882F /* Instap.app */,
				ED55C6EE2D899B4100ADE737 /* InstapUnitTests.xctest */,
			);
			name = Products;
			sourceTree = "<group>";
		};
/* End PBXGroup section */

/* Begin PBXNativeTarget section */
		ED3CBDD62D884B5A0083882F /* Instap */ = {
			isa = PBXNativeTarget;
			buildConfigurationList = ED3CBDFB2D884B5C0083882F /* Build configuration list for PBXNativeTarget "Instap" */;
			buildPhases = (
				ED3CBDD32D884B5A0083882F /* Sources */,
				ED3CBDD42D884B5A0083882F /* Frameworks */,
				ED3CBDD52D884B5A0083882F /* Resources */,
			);
			buildRules = (
			);
			dependencies = (
			);
			name = Instap;
			packageProductDependencies = (
				ED1B0DB12D92E060003623E2 /* SDWebImageSwiftUI */,
				ED1B0DB42D92E610003623E2 /* FirebaseAuth */,
				ED1B0DB62D92E610003623E2 /* FirebaseFirestore */,
				ED1B0DB82D92E610003623E2 /* FirebaseStorage */,
			);
			productName = Instap;
			productReference = ED3CBDD72D884B5A0083882F /* Instap.app */;
			productType = "com.apple.product-type.application";
		};
		ED55C6ED2D899B4100ADE737 /* InstapUnitTests */ = {
			isa = PBXNativeTarget;
			buildConfigurationList = ED55C6F42D899B4100ADE737 /* Build configuration list for PBXNativeTarget "InstapUnitTests" */;
			buildPhases = (
				ED55C6EA2D899B4100ADE737 /* Sources */,
				ED55C6EB2D899B4100ADE737 /* Frameworks */,
				ED55C6EC2D899B4100ADE737 /* Resources */,
			);
			buildRules = (
			);
			dependencies = (
				ED55C6F32D899B4100ADE737 /* PBXTargetDependency */,
			);
			name = InstapUnitTests;
			packageProductDependencies = (
			);
			productName = InstapUnitTests;
			productReference = ED55C6EE2D899B4100ADE737 /* InstapUnitTests.xctest */;
			productType = "com.apple.product-type.bundle.unit-test";
		};
/* End PBXNativeTarget section */

/* Begin PBXProject section */
		ED3CBDCF2D884B5A0083882F /* Project object */ = {
			isa = PBXProject;
			attributes = {
				BuildIndependentTargetsInParallel = 1;
				LastSwiftUpdateCheck = 1620;
				LastUpgradeCheck = 1620;
				TargetAttributes = {
					ED3CBDD62D884B5A0083882F = {
						CreatedOnToolsVersion = 16.2;
					};
					ED55C6ED2D899B4100ADE737 = {
						CreatedOnToolsVersion = 16.2;
						TestTargetID = ED3CBDD62D884B5A0083882F;
					};
				};
			};
			buildConfigurationList = ED3CBDD22D884B5A0083882F /* Build configuration list for PBXProject "Instap" */;
			developmentRegion = en;
			hasScannedForEncodings = 0;
			knownRegions = (
				en,
				Base,
			);
			mainGroup = ED3CBDCE2D884B5A0083882F;
			minimizedProjectReferenceProxies = 1;
			packageReferences = (
				ED1B0DB02D92E060003623E2 /* XCRemoteSwiftPackageReference "SDWebImageSwiftUI" */,
				ED1B0DB32D92E610003623E2 /* XCRemoteSwiftPackageReference "firebase-ios-sdk" */,
			);
			preferredProjectObjectVersion = 77;
			productRefGroup = ED3CBDD82D884B5A0083882F /* Products */;
			projectDirPath = "";
			projectRoot = "";
			targets = (
				ED3CBDD62D884B5A0083882F /* Instap */,
				ED55C6ED2D899B4100ADE737 /* InstapUnitTests */,
			);
		};
/* End PBXProject section */

/* Begin PBXResourcesBuildPhase section */
		ED3CBDD52D884B5A0083882F /* Resources */ = {
			isa = PBXResourcesBuildPhase;
			buildActionMask = 2147483647;
			files = (
			);
			runOnlyForDeploymentPostprocessing = 0;
		};
		ED55C6EC2D899B4100ADE737 /* Resources */ = {
			isa = PBXResourcesBuildPhase;
			buildActionMask = 2147483647;
			files = (
			);
			runOnlyForDeploymentPostprocessing = 0;
		};
/* End PBXResourcesBuildPhase section */

/* Begin PBXSourcesBuildPhase section */
		ED3CBDD32D884B5A0083882F /* Sources */ = {
			isa = PBXSourcesBuildPhase;
			buildActionMask = 2147483647;
			files = (
			);
			runOnlyForDeploymentPostprocessing = 0;
		};
		ED55C6EA2D899B4100ADE737 /* Sources */ = {
			isa = PBXSourcesBuildPhase;
			buildActionMask = 2147483647;
			files = (
			);
			runOnlyForDeploymentPostprocessing = 0;
		};
/* End PBXSourcesBuildPhase section */

/* Begin PBXTargetDependency section */
		ED55C6F32D899B4100ADE737 /* PBXTargetDependency */ = {
			isa = PBXTargetDependency;
			target = ED3CBDD62D884B5A0083882F /* Instap */;
			targetProxy = ED55C6F22D899B4100ADE737 /* PBXContainerItemProxy */;
		};
/* End PBXTargetDependency section */

/* Begin XCBuildConfiguration section */
		ED3CBDF92D884B5C0083882F /* Debug */ = {
			isa = XCBuildConfiguration;
			buildSettings = {
				ALWAYS_SEARCH_USER_PATHS = NO;
				ASSETCATALOG_COMPILER_GENERATE_SWIFT_ASSET_SYMBOL_EXTENSIONS = YES;
				CLANG_ANALYZER_NONNULL = YES;
				CLANG_ANALYZER_NUMBER_OBJECT_CONVERSION = YES_AGGRESSIVE;
				CLANG_CXX_LANGUAGE_STANDARD = "gnu++20";
				CLANG_ENABLE_MODULES = YES;
				CLANG_ENABLE_OBJC_ARC = YES;
				CLANG_ENABLE_OBJC_WEAK = YES;
				CLANG_WARN_BLOCK_CAPTURE_AUTORELEASING = YES;
				CLANG_WARN_BOOL_CONVERSION = YES;
				CLANG_WARN_COMMA = YES;
				CLANG_WARN_CONSTANT_CONVERSION = YES;
				CLANG_WARN_DEPRECATED_OBJC_IMPLEMENTATIONS = YES;
				CLANG_WARN_DIRECT_OBJC_ISA_USAGE = YES_ERROR;
				CLANG_WARN_DOCUMENTATION_COMMENTS = YES;
				CLANG_WARN_EMPTY_BODY = YES;
				CLANG_WARN_ENUM_CONVERSION = YES;
				CLANG_WARN_INFINITE_RECURSION = YES;
				CLANG_WARN_INT_CONVERSION = YES;
				CLANG_WARN_NON_LITERAL_NULL_CONVERSION = YES;
				CLANG_WARN_OBJC_IMPLICIT_RETAIN_SELF = YES;
				CLANG_WARN_OBJC_LITERAL_CONVERSION = YES;
				CLANG_WARN_OBJC_ROOT_CLASS = YES_ERROR;
				CLANG_WARN_QUOTED_INCLUDE_IN_FRAMEWORK_HEADER = YES;
				CLANG_WARN_RANGE_LOOP_ANALYSIS = YES;
				CLANG_WARN_STRICT_PROTOTYPES = YES;
				CLANG_WARN_SUSPICIOUS_MOVE = YES;
				CLANG_WARN_UNGUARDED_AVAILABILITY = YES_AGGRESSIVE;
				CLANG_WARN_UNREACHABLE_CODE = YES;
				CLANG_WARN__DUPLICATE_METHOD_MATCH = YES;
				COPY_PHASE_STRIP = NO;
				DEBUG_INFORMATION_FORMAT = dwarf;
				ENABLE_STRICT_OBJC_MSGSEND = YES;
				ENABLE_TESTABILITY = YES;
				ENABLE_USER_SCRIPT_SANDBOXING = YES;
				GCC_C_LANGUAGE_STANDARD = gnu17;
				GCC_DYNAMIC_NO_PIC = NO;
				GCC_NO_COMMON_BLOCKS = YES;
				GCC_OPTIMIZATION_LEVEL = 0;
				GCC_PREPROCESSOR_DEFINITIONS = (
					"DEBUG=1",
					"$(inherited)",
				);
				GCC_WARN_64_TO_32_BIT_CONVERSION = YES;
				GCC_WARN_ABOUT_RETURN_TYPE = YES_ERROR;
				GCC_WARN_UNDECLARED_SELECTOR = YES;
				GCC_WARN_UNINITIALIZED_AUTOS = YES_AGGRESSIVE;
				GCC_WARN_UNUSED_FUNCTION = YES;
				GCC_WARN_UNUSED_VARIABLE = YES;
				IPHONEOS_DEPLOYMENT_TARGET = 18.2;
				LOCALIZATION_PREFERS_STRING_CATALOGS = YES;
				MTL_ENABLE_DEBUG_INFO = INCLUDE_SOURCE;
				MTL_FAST_MATH = YES;
				ONLY_ACTIVE_ARCH = YES;
				SDKROOT = iphoneos;
				SWIFT_ACTIVE_COMPILATION_CONDITIONS = "DEBUG $(inherited)";
				SWIFT_OPTIMIZATION_LEVEL = "-Onone";
			};
			name = Debug;
		};
		ED3CBDFA2D884B5C0083882F /* Release */ = {
			isa = XCBuildConfiguration;
			buildSettings = {
				ALWAYS_SEARCH_USER_PATHS = NO;
				ASSETCATALOG_COMPILER_GENERATE_SWIFT_ASSET_SYMBOL_EXTENSIONS = YES;
				CLANG_ANALYZER_NONNULL = YES;
				CLANG_ANALYZER_NUMBER_OBJECT_CONVERSION = YES_AGGRESSIVE;
				CLANG_CXX_LANGUAGE_STANDARD = "gnu++20";
				CLANG_ENABLE_MODULES = YES;
				CLANG_ENABLE_OBJC_ARC = YES;
				CLANG_ENABLE_OBJC_WEAK = YES;
				CLANG_WARN_BLOCK_CAPTURE_AUTORELEASING = YES;
				CLANG_WARN_BOOL_CONVERSION = YES;
				CLANG_WARN_COMMA = YES;
				CLANG_WARN_CONSTANT_CONVERSION = YES;
				CLANG_WARN_DEPRECATED_OBJC_IMPLEMENTATIONS = YES;
				CLANG_WARN_DIRECT_OBJC_ISA_USAGE = YES_ERROR;
				CLANG_WARN_DOCUMENTATION_COMMENTS = YES;
				CLANG_WARN_EMPTY_BODY = YES;
				CLANG_WARN_ENUM_CONVERSION = YES;
				CLANG_WARN_INFINITE_RECURSION = YES;
				CLANG_WARN_INT_CONVERSION = YES;
				CLANG_WARN_NON_LITERAL_NULL_CONVERSION = YES;
				CLANG_WARN_OBJC_IMPLICIT_RETAIN_SELF = YES;
				CLANG_WARN_OBJC_LITERAL_CONVERSION = YES;
				CLANG_WARN_OBJC_ROOT_CLASS = YES_ERROR;
				CLANG_WARN_QUOTED_INCLUDE_IN_FRAMEWORK_HEADER = YES;
				CLANG_WARN_RANGE_LOOP_ANALYSIS = YES;
				CLANG_WARN_STRICT_PROTOTYPES = YES;
				CLANG_WARN_SUSPICIOUS_MOVE = YES;
				CLANG_WARN_UNGUARDED_AVAILABILITY = YES_AGGRESSIVE;
				CLANG_WARN_UNREACHABLE_CODE = YES;
				CLANG_WARN__DUPLICATE_METHOD_MATCH = YES;
				COPY_PHASE_STRIP = NO;
				DEBUG_INFORMATION_FORMAT = "dwarf-with-dsym";
				ENABLE_NS_ASSERTIONS = NO;
				ENABLE_STRICT_OBJC_MSGSEND = YES;
				ENABLE_USER_SCRIPT_SANDBOXING = YES;
				GCC_C_LANGUAGE_STANDARD = gnu17;
				GCC_NO_COMMON_BLOCKS = YES;
				GCC_WARN_64_TO_32_BIT_CONVERSION = YES;
				GCC_WARN_ABOUT_RETURN_TYPE = YES_ERROR;
				GCC_WARN_UNDECLARED_SELECTOR = YES;
				GCC_WARN_UNINITIALIZED_AUTOS = YES_AGGRESSIVE;
				GCC_WARN_UNUSED_FUNCTION = YES;
				GCC_WARN_UNUSED_VARIABLE = YES;
				IPHONEOS_DEPLOYMENT_TARGET = 18.2;
				LOCALIZATION_PREFERS_STRING_CATALOGS = YES;
				MTL_ENABLE_DEBUG_INFO = NO;
				MTL_FAST_MATH = YES;
				SDKROOT = iphoneos;
				SWIFT_COMPILATION_MODE = wholemodule;
				VALIDATE_PRODUCT = YES;
			};
			name = Release;
		};
		ED3CBDFC2D884B5C0083882F /* Debug */ = {
			isa = XCBuildConfiguration;
			buildSettings = {
				ASSETCATALOG_COMPILER_APPICON_NAME = AppIcon;
				ASSETCATALOG_COMPILER_GLOBAL_ACCENT_COLOR_NAME = AccentColor;
				CODE_SIGN_STYLE = Automatic;
				CURRENT_PROJECT_VERSION = 1;
				DEVELOPMENT_ASSET_PATHS = "\"Instap/Preview Content\"";
				ENABLE_PREVIEWS = YES;
				GENERATE_INFOPLIST_FILE = YES;
				INFOPLIST_KEY_UIApplicationSceneManifest_Generation = YES;
				INFOPLIST_KEY_UIApplicationSupportsIndirectInputEvents = YES;
				INFOPLIST_KEY_UILaunchScreen_Generation = YES;
				INFOPLIST_KEY_UIStatusBarStyle = "";
				INFOPLIST_KEY_UISupportedInterfaceOrientations_iPad = "UIInterfaceOrientationPortrait UIInterfaceOrientationPortraitUpsideDown UIInterfaceOrientationLandscapeLeft UIInterfaceOrientationLandscapeRight";
				INFOPLIST_KEY_UISupportedInterfaceOrientations_iPhone = "UIInterfaceOrientationPortrait UIInterfaceOrientationLandscapeLeft UIInterfaceOrientationLandscapeRight";
				LD_RUNPATH_SEARCH_PATHS = (
					"$(inherited)",
					"@executable_path/Frameworks",
				);
				MARKETING_VERSION = 1.0;
				PRODUCT_BUNDLE_IDENTIFIER = wa.Instap;
				PRODUCT_NAME = "$(TARGET_NAME)";
				SWIFT_EMIT_LOC_STRINGS = YES;
				SWIFT_VERSION = 5.0;
				TARGETED_DEVICE_FAMILY = "1,2";
			};
			name = Debug;
		};
		ED3CBDFD2D884B5C0083882F /* Release */ = {
			isa = XCBuildConfiguration;
			buildSettings = {
				ASSETCATALOG_COMPILER_APPICON_NAME = AppIcon;
				ASSETCATALOG_COMPILER_GLOBAL_ACCENT_COLOR_NAME = AccentColor;
				CODE_SIGN_STYLE = Automatic;
				CURRENT_PROJECT_VERSION = 1;
				DEVELOPMENT_ASSET_PATHS = "\"Instap/Preview Content\"";
				ENABLE_PREVIEWS = YES;
				GENERATE_INFOPLIST_FILE = YES;
				INFOPLIST_KEY_UIApplicationSceneManifest_Generation = YES;
				INFOPLIST_KEY_UIApplicationSupportsIndirectInputEvents = YES;
				INFOPLIST_KEY_UILaunchScreen_Generation = YES;
				INFOPLIST_KEY_UIStatusBarStyle = "";
				INFOPLIST_KEY_UISupportedInterfaceOrientations_iPad = "UIInterfaceOrientationPortrait UIInterfaceOrientationPortraitUpsideDown UIInterfaceOrientationLandscapeLeft UIInterfaceOrientationLandscapeRight";
				INFOPLIST_KEY_UISupportedInterfaceOrientations_iPhone = "UIInterfaceOrientationPortrait UIInterfaceOrientationLandscapeLeft UIInterfaceOrientationLandscapeRight";
				LD_RUNPATH_SEARCH_PATHS = (
					"$(inherited)",
					"@executable_path/Frameworks",
				);
				MARKETING_VERSION = 1.0;
				PRODUCT_BUNDLE_IDENTIFIER = wa.Instap;
				PRODUCT_NAME = "$(TARGET_NAME)";
				SWIFT_EMIT_LOC_STRINGS = YES;
				SWIFT_VERSION = 5.0;
				TARGETED_DEVICE_FAMILY = "1,2";
			};
			name = Release;
		};
		ED55C6F52D899B4100ADE737 /* Debug */ = {
			isa = XCBuildConfiguration;
			buildSettings = {
				BUNDLE_LOADER = "$(TEST_HOST)";
				CODE_SIGN_STYLE = Automatic;
				CURRENT_PROJECT_VERSION = 1;
				GENERATE_INFOPLIST_FILE = YES;
				MARKETING_VERSION = 1.0;
				PRODUCT_BUNDLE_IDENTIFIER = wa.InstapUnitTests;
				PRODUCT_NAME = "$(TARGET_NAME)";
				SWIFT_EMIT_LOC_STRINGS = NO;
				SWIFT_VERSION = 5.0;
				TARGETED_DEVICE_FAMILY = "1,2";
				TEST_HOST = "$(BUILT_PRODUCTS_DIR)/Instap.app/$(BUNDLE_EXECUTABLE_FOLDER_PATH)/Instap";
			};
			name = Debug;
		};
		ED55C6F62D899B4100ADE737 /* Release */ = {
			isa = XCBuildConfiguration;
			buildSettings = {
				BUNDLE_LOADER = "$(TEST_HOST)";
				CODE_SIGN_STYLE = Automatic;
				CURRENT_PROJECT_VERSION = 1;
				GENERATE_INFOPLIST_FILE = YES;
				MARKETING_VERSION = 1.0;
				PRODUCT_BUNDLE_IDENTIFIER = wa.InstapUnitTests;
				PRODUCT_NAME = "$(TARGET_NAME)";
				SWIFT_EMIT_LOC_STRINGS = NO;
				SWIFT_VERSION = 5.0;
				TARGETED_DEVICE_FAMILY = "1,2";
				TEST_HOST = "$(BUILT_PRODUCTS_DIR)/Instap.app/$(BUNDLE_EXECUTABLE_FOLDER_PATH)/Instap";
			};
			name = Release;
		};
/* End XCBuildConfiguration section */

/* Begin XCConfigurationList section */
		ED3CBDD22D884B5A0083882F /* Build configuration list for PBXProject "Instap" */ = {
			isa = XCConfigurationList;
			buildConfigurations = (
				ED3CBDF92D884B5C0083882F /* Debug */,
				ED3CBDFA2D884B5C0083882F /* Release */,
			);
			defaultConfigurationIsVisible = 0;
			defaultConfigurationName = Release;
		};
		ED3CBDFB2D884B5C0083882F /* Build configuration list for PBXNativeTarget "Instap" */ = {
			isa = XCConfigurationList;
			buildConfigurations = (
				ED3CBDFC2D884B5C0083882F /* Debug */,
				ED3CBDFD2D884B5C0083882F /* Release */,
			);
			defaultConfigurationIsVisible = 0;
			defaultConfigurationName = Release;
		};
		ED55C6F42D899B4100ADE737 /* Build configuration list for PBXNativeTarget "InstapUnitTests" */ = {
			isa = XCConfigurationList;
			buildConfigurations = (
				ED55C6F52D899B4100ADE737 /* Debug */,
				ED55C6F62D899B4100ADE737 /* Release */,
			);
			defaultConfigurationIsVisible = 0;
			defaultConfigurationName = Release;
		};
/* End XCConfigurationList section */

/* Begin XCRemoteSwiftPackageReference section */
		ED1B0DB02D92E060003623E2 /* XCRemoteSwiftPackageReference "SDWebImageSwiftUI" */ = {
			isa = XCRemoteSwiftPackageReference;
			repositoryURL = "https://github.com/SDWebImage/SDWebImageSwiftUI.git";
			requirement = {
				kind = upToNextMajorVersion;
				minimumVersion = 3.1.3;
			};
		};
		ED1B0DB32D92E610003623E2 /* XCRemoteSwiftPackageReference "firebase-ios-sdk" */ = {
			isa = XCRemoteSwiftPackageReference;
			repositoryURL = "https://github.com/firebase/firebase-ios-sdk";
			requirement = {
				kind = upToNextMajorVersion;
				minimumVersion = 11.10.0;
			};
		};
/* End XCRemoteSwiftPackageReference section */

/* Begin XCSwiftPackageProductDependency section */
		ED1B0DB12D92E060003623E2 /* SDWebImageSwiftUI */ = {
			isa = XCSwiftPackageProductDependency;
			package = ED1B0DB02D92E060003623E2 /* XCRemoteSwiftPackageReference "SDWebImageSwiftUI" */;
			productName = SDWebImageSwiftUI;
		};
		ED1B0DB42D92E610003623E2 /* FirebaseAuth */ = {
			isa = XCSwiftPackageProductDependency;
			package = ED1B0DB32D92E610003623E2 /* XCRemoteSwiftPackageReference "firebase-ios-sdk" */;
			productName = FirebaseAuth;
		};
		ED1B0DB62D92E610003623E2 /* FirebaseFirestore */ = {
			isa = XCSwiftPackageProductDependency;
			package = ED1B0DB32D92E610003623E2 /* XCRemoteSwiftPackageReference "firebase-ios-sdk" */;
			productName = FirebaseFirestore;
		};
		ED1B0DB82D92E610003623E2 /* FirebaseStorage */ = {
			isa = XCSwiftPackageProductDependency;
			package = ED1B0DB32D92E610003623E2 /* XCRemoteSwiftPackageReference "firebase-ios-sdk" */;
			productName = FirebaseStorage;
		};
/* End XCSwiftPackageProductDependency section */
	};
	rootObject = ED3CBDCF2D884B5A0083882F /* Project object */;
}
